
Microsoft Visual Studio Solution File, Format Version 12.00
# Visual Studio Version 17
VisualStudioVersion = 17.14.36616.10 d17.14
MinimumVisualStudioVersion = 10.0.40219.1
Project("{FAE04EC0-301F-11D3-BF4B-00C04F79EFBC}") = "RevitUnitLister", "RevitUnitLister.csproj", "{DE7102AB-5E42-485A-B7FE-F6D6FCDE2E4D}"
EndProject
Global
	GlobalSection(SolutionConfigurationPlatforms) = preSolution
		Debug|Any CPU = Debug|Any CPU
		Release|Any CPU = Release|Any CPU
	EndGlobalSection
	GlobalSection(ProjectConfigurationPlatforms) = postSolution
		{DE7102AB-5E42-485A-B7FE-F6D6FCDE2E4D}.Debug|Any CPU.ActiveCfg = Debug|Any CPU
		{DE7102AB-5E42-485A-B7FE-F6D6FCDE2E4D}.Debug|Any CPU.Build.0 = Debug|Any CPU
		{DE7102AB-5E42-485A-B7FE-F6D6FCDE2E4D}.Release|Any CPU.ActiveCfg = Release|Any CPU
		{DE7102AB-5E42-485A-B7FE-F6D6FCDE2E4D}.Release|Any CPU.Build.0 = Release|Any CPU
	EndGlobalSection
	GlobalSection(SolutionProperties) = preSolution
		HideSolutionNode = FALSE
	EndGlobalSection
	GlobalSection(ExtensibilityGlobals) = postSolution
		SolutionGuid = {2F699A3E-B419-44FD-8AB5-8F18C4AAA3F3}
	EndGlobalSection
EndGlobal
